
Microsoft Visual Studio Solution File, Format Version 11.00
# Visual Basic Express 2010
Project("{F184B08F-C81C-45F6-A57F-5ABD9991F28F}") = "Ghosts", "Ghosts\Ghosts.vbproj", "{0C03386B-B9B2-4963-A114-80C732B180EE}"
EndProject
Global
	GlobalSection(SolutionConfigurationPlatforms) = preSolution
		Debug|x86 = Debug|x86
		Release|x86 = Release|x86
	EndGlobalSection
	GlobalSection(ProjectConfigurationPlatforms) = postSolution
		{0C03386B-B9B2-4963-A114-80C732B180EE}.Debug|x86.ActiveCfg = Debug|x86
		{0C03386B-B9B2-4963-A114-80C732B180EE}.Debug|x86.Build.0 = Debug|x86
		{0C03386B-B9B2-4963-A114-80C732B180EE}.Release|x86.ActiveCfg = Release|x86
		{0C03386B-B9B2-4963-A114-80C732B180EE}.Release|x86.Build.0 = Release|x86
	EndGlobalSection
	GlobalSection(SolutionProperties) = preSolution
		HideSolutionNode = FALSE
	EndGlobalSection
EndGlobal
